
Microsoft Visual Studio Solution File, Format Version 12.00
# Visual Studio Version 16
VisualStudioVersion = 16.0.31019.35
MinimumVisualStudioVersion = 10.0.40219.1
Project("{FAE04EC0-301F-11D3-BF4B-00C04F79EFBC}") = "WebApiValuesServices", "WebApiValuesServices\WebApiValuesServices.csproj", "{008F07BD-4902-4E4C-8E3A-3AA095C12050}"
EndProject
Global
	GlobalSection(SolutionConfigurationPlatforms) = preSolution
		Debug|Any CPU = Debug|Any CPU
		Release|Any CPU = Release|Any CPU
	EndGlobalSection
	GlobalSection(ProjectConfigurationPlatforms) = postSolution
		{008F07BD-4902-4E4C-8E3A-3AA095C12050}.Debug|Any CPU.ActiveCfg = Debug|Any CPU
		{008F07BD-4902-4E4C-8E3A-3AA095C12050}.Debug|Any CPU.Build.0 = Debug|Any CPU
		{008F07BD-4902-4E4C-8E3A-3AA095C12050}.Release|Any CPU.ActiveCfg = Release|Any CPU
		{008F07BD-4902-4E4C-8E3A-3AA095C12050}.Release|Any CPU.Build.0 = Release|Any CPU
	EndGlobalSection
	GlobalSection(SolutionProperties) = preSolution
		HideSolutionNode = FALSE
	EndGlobalSection
	GlobalSection(ExtensibilityGlobals) = postSolution
		SolutionGuid = {EECF1C4E-1B41-446F-9644-D92EA8F47E41}
	EndGlobalSection
EndGlobal
